
Microsoft Visual Studio Solution File, Format Version 12.00
Project("{FAE04EC0-301F-11D3-BF4B-00C04F79EFBC}") = "RenovationRumble.Logic", "RenovationRumble.Logic\RenovationRumble.Logic.csproj", "{93D06003-DFCD-47E0-B5CD-3C037A782A4B}"
EndProject
Project("{FAE04EC0-301F-11D3-BF4B-00C04F79EFBC}") = "RenovationRumble.Verifier", "RenovationRumble.Verifier\RenovationRumble.Verifier.csproj", "{1E85C9F3-B55C-407F-893C-DF61FA9596B4}"
EndProject
Project("{FAE04EC0-301F-11D3-BF4B-00C04F79EFBC}") = "RenovationRumble.Tests", "RenovationRumble.Tests\RenovationRumble.Tests.csproj", "{58357570-ACAA-4A70-B57D-290005249F59}"
EndProject
Global
	GlobalSection(SolutionConfigurationPlatforms) = preSolution
		Debug|Any CPU = Debug|Any CPU
		Release|Any CPU = Release|Any CPU
	EndGlobalSection
	GlobalSection(ProjectConfigurationPlatforms) = postSolution
		{93D06003-DFCD-47E0-B5CD-3C037A782A4B}.Debug|Any CPU.ActiveCfg = Debug|Any CPU
		{93D06003-DFCD-47E0-B5CD-3C037A782A4B}.Debug|Any CPU.Build.0 = Debug|Any CPU
		{93D06003-DFCD-47E0-B5CD-3C037A782A4B}.Release|Any CPU.ActiveCfg = Release|Any CPU
		{93D06003-DFCD-47E0-B5CD-3C037A782A4B}.Release|Any CPU.Build.0 = Release|Any CPU
		{1E85C9F3-B55C-407F-893C-DF61FA9596B4}.Debug|Any CPU.ActiveCfg = Debug|Any CPU
		{1E85C9F3-B55C-407F-893C-DF61FA9596B4}.Debug|Any CPU.Build.0 = Debug|Any CPU
		{1E85C9F3-B55C-407F-893C-DF61FA9596B4}.Release|Any CPU.ActiveCfg = Release|Any CPU
		{1E85C9F3-B55C-407F-893C-DF61FA9596B4}.Release|Any CPU.Build.0 = Release|Any CPU
		{58357570-ACAA-4A70-B57D-290005249F59}.Debug|Any CPU.ActiveCfg = Debug|Any CPU
		{58357570-ACAA-4A70-B57D-290005249F59}.Debug|Any CPU.Build.0 = Debug|Any CPU
		{58357570-ACAA-4A70-B57D-290005249F59}.Release|Any CPU.ActiveCfg = Release|Any CPU
		{58357570-ACAA-4A70-B57D-290005249F59}.Release|Any CPU.Build.0 = Release|Any CPU
	EndGlobalSection
EndGlobal
